
Microsoft Visual Studio Solution File, Format Version 12.00
# Visual Studio Version 17
VisualStudioVersion = 17.2.32526.322
MinimumVisualStudioVersion = 10.0.40219.1
Project("{FAE04EC0-301F-11D3-BF4B-00C04F79EFBC}") = "MvcCubosExamenAWS", "MvcCubosExamenAWS\MvcCubosExamenAWS.csproj", "{8F119793-2687-48C1-B242-6B63E992FDED}"
EndProject
Global
	GlobalSection(SolutionConfigurationPlatforms) = preSolution
		Debug|Any CPU = Debug|Any CPU
		Release|Any CPU = Release|Any CPU
	EndGlobalSection
	GlobalSection(ProjectConfigurationPlatforms) = postSolution
		{8F119793-2687-48C1-B242-6B63E992FDED}.Debug|Any CPU.ActiveCfg = Debug|Any CPU
		{8F119793-2687-48C1-B242-6B63E992FDED}.Debug|Any CPU.Build.0 = Debug|Any CPU
		{8F119793-2687-48C1-B242-6B63E992FDED}.Release|Any CPU.ActiveCfg = Release|Any CPU
		{8F119793-2687-48C1-B242-6B63E992FDED}.Release|Any CPU.Build.0 = Release|Any CPU
	EndGlobalSection
	GlobalSection(SolutionProperties) = preSolution
		HideSolutionNode = FALSE
	EndGlobalSection
	GlobalSection(ExtensibilityGlobals) = postSolution
		SolutionGuid = {3983D811-A386-41A2-AD03-241FEC2BE84B}
	EndGlobalSection
EndGlobal
